
Microsoft Visual Studio Solution File, Format Version 12.00
# Visual Studio Version 17
VisualStudioVersion = 17.5.33414.496
MinimumVisualStudioVersion = 10.0.40219.1
Project("{FAE04EC0-301F-11D3-BF4B-00C04F79EFBC}") = "zajecia2", "zajecia2.csproj", "{354CB06B-C25F-4B10-A782-26198B395191}"
EndProject
Project("{FAE04EC0-301F-11D3-BF4B-00C04F79EFBC}") = "matematyka", "..\matematyka\matematyka.csproj", "{F4C83352-A84F-4ED5-BF6C-59099EED23AB}"
EndProject
Project("{FAE04EC0-301F-11D3-BF4B-00C04F79EFBC}") = "Biblioteka", "..\Biblioteka\Biblioteka.csproj", "{71FA428C-FB69-4B69-9CCA-DDCE94F8879B}"
EndProject
Global
	GlobalSection(SolutionConfigurationPlatforms) = preSolution
		Debug|Any CPU = Debug|Any CPU
		Release|Any CPU = Release|Any CPU
	EndGlobalSection
	GlobalSection(ProjectConfigurationPlatforms) = postSolution
		{354CB06B-C25F-4B10-A782-26198B395191}.Debug|Any CPU.ActiveCfg = Debug|Any CPU
		{354CB06B-C25F-4B10-A782-26198B395191}.Debug|Any CPU.Build.0 = Debug|Any CPU
		{354CB06B-C25F-4B10-A782-26198B395191}.Release|Any CPU.ActiveCfg = Release|Any CPU
		{354CB06B-C25F-4B10-A782-26198B395191}.Release|Any CPU.Build.0 = Release|Any CPU
		{F4C83352-A84F-4ED5-BF6C-59099EED23AB}.Debug|Any CPU.ActiveCfg = Debug|Any CPU
		{F4C83352-A84F-4ED5-BF6C-59099EED23AB}.Debug|Any CPU.Build.0 = Debug|Any CPU
		{F4C83352-A84F-4ED5-BF6C-59099EED23AB}.Release|Any CPU.ActiveCfg = Release|Any CPU
		{F4C83352-A84F-4ED5-BF6C-59099EED23AB}.Release|Any CPU.Build.0 = Release|Any CPU
		{71FA428C-FB69-4B69-9CCA-DDCE94F8879B}.Debug|Any CPU.ActiveCfg = Debug|Any CPU
		{71FA428C-FB69-4B69-9CCA-DDCE94F8879B}.Debug|Any CPU.Build.0 = Debug|Any CPU
		{71FA428C-FB69-4B69-9CCA-DDCE94F8879B}.Release|Any CPU.ActiveCfg = Release|Any CPU
		{71FA428C-FB69-4B69-9CCA-DDCE94F8879B}.Release|Any CPU.Build.0 = Release|Any CPU
	EndGlobalSection
	GlobalSection(SolutionProperties) = preSolution
		HideSolutionNode = FALSE
	EndGlobalSection
	GlobalSection(ExtensibilityGlobals) = postSolution
		SolutionGuid = {86B40304-7C0D-4C40-B49E-E4C14CF0BD9B}
	EndGlobalSection
EndGlobal
