
Microsoft Visual Studio Solution File, Format Version 12.00
# Visual Studio Version 17
VisualStudioVersion = 17.5.33414.496
MinimumVisualStudioVersion = 10.0.40219.1
Project("{FAE04EC0-301F-11D3-BF4B-00C04F79EFBC}") = "pierwszaAplikacja", "pierwszaAplikacja.csproj", "{596D5E02-F3CC-4D91-8033-D4E320DF2EAF}"
EndProject
Global
	GlobalSection(SolutionConfigurationPlatforms) = preSolution
		Debug|Any CPU = Debug|Any CPU
		Release|Any CPU = Release|Any CPU
	EndGlobalSection
	GlobalSection(ProjectConfigurationPlatforms) = postSolution
		{596D5E02-F3CC-4D91-8033-D4E320DF2EAF}.Debug|Any CPU.ActiveCfg = Debug|Any CPU
		{596D5E02-F3CC-4D91-8033-D4E320DF2EAF}.Debug|Any CPU.Build.0 = Debug|Any CPU
		{596D5E02-F3CC-4D91-8033-D4E320DF2EAF}.Release|Any CPU.ActiveCfg = Release|Any CPU
		{596D5E02-F3CC-4D91-8033-D4E320DF2EAF}.Release|Any CPU.Build.0 = Release|Any CPU
	EndGlobalSection
	GlobalSection(SolutionProperties) = preSolution
		HideSolutionNode = FALSE
	EndGlobalSection
	GlobalSection(ExtensibilityGlobals) = postSolution
		SolutionGuid = {17BA2AF9-98B7-45F2-8553-4DE80C69FFDC}
	EndGlobalSection
EndGlobal
