
Microsoft Visual Studio Solution File, Format Version 12.00
# Visual Studio Version 17
VisualStudioVersion = 17.5.33414.496
MinimumVisualStudioVersion = 10.0.40219.1
Project("{FAE04EC0-301F-11D3-BF4B-00C04F79EFBC}") = "MojeFormy", "MojeFormy.csproj", "{07A4D31A-56A2-4C5E-876F-690F885374C3}"
EndProject
Global
	GlobalSection(SolutionConfigurationPlatforms) = preSolution
		Debug|Any CPU = Debug|Any CPU
		Release|Any CPU = Release|Any CPU
	EndGlobalSection
	GlobalSection(ProjectConfigurationPlatforms) = postSolution
		{07A4D31A-56A2-4C5E-876F-690F885374C3}.Debug|Any CPU.ActiveCfg = Debug|Any CPU
		{07A4D31A-56A2-4C5E-876F-690F885374C3}.Debug|Any CPU.Build.0 = Debug|Any CPU
		{07A4D31A-56A2-4C5E-876F-690F885374C3}.Release|Any CPU.ActiveCfg = Release|Any CPU
		{07A4D31A-56A2-4C5E-876F-690F885374C3}.Release|Any CPU.Build.0 = Release|Any CPU
	EndGlobalSection
	GlobalSection(SolutionProperties) = preSolution
		HideSolutionNode = FALSE
	EndGlobalSection
	GlobalSection(ExtensibilityGlobals) = postSolution
		SolutionGuid = {D9191FD9-7366-4FCF-9069-D8B9D2734070}
	EndGlobalSection
EndGlobal
