
Microsoft Visual Studio Solution File, Format Version 12.00
# Visual Studio Version 17
VisualStudioVersion = 17.7.34031.279
MinimumVisualStudioVersion = 10.0.40219.1
Project("{FAE04EC0-301F-11D3-BF4B-00C04F79EFBC}") = "ConsoleApp4", "ConsoleApp4.csproj", "{1D59DEFA-D2BB-40C0-83A1-238A01A545F0}"
EndProject
Global
	GlobalSection(SolutionConfigurationPlatforms) = preSolution
		Debug|Any CPU = Debug|Any CPU
		Release|Any CPU = Release|Any CPU
	EndGlobalSection
	GlobalSection(ProjectConfigurationPlatforms) = postSolution
		{1D59DEFA-D2BB-40C0-83A1-238A01A545F0}.Debug|Any CPU.ActiveCfg = Debug|Any CPU
		{1D59DEFA-D2BB-40C0-83A1-238A01A545F0}.Debug|Any CPU.Build.0 = Debug|Any CPU
		{1D59DEFA-D2BB-40C0-83A1-238A01A545F0}.Release|Any CPU.ActiveCfg = Release|Any CPU
		{1D59DEFA-D2BB-40C0-83A1-238A01A545F0}.Release|Any CPU.Build.0 = Release|Any CPU
	EndGlobalSection
	GlobalSection(SolutionProperties) = preSolution
		HideSolutionNode = FALSE
	EndGlobalSection
	GlobalSection(ExtensibilityGlobals) = postSolution
		SolutionGuid = {BC3FEB13-70E7-4653-B894-BF64B667D892}
	EndGlobalSection
EndGlobal
